// !$*UTF8*$!
{
	archiveVersion = 1;
	classes = {
	};
	objectVersion = 56;
	objects = {

/* Begin PBXBuildFile section */
		40422EA52BD9088800EE9B37 /* DisneyCharactersApp.swift in Sources */ = {isa = PBXBuildFile; fileRef = 40422EA42BD9088800EE9B37 /* DisneyCharactersApp.swift */; };
		40422EA72BD9088800EE9B37 /* ContentView.swift in Sources */ = {isa = PBXBuildFile; fileRef = 40422EA62BD9088800EE9B37 /* ContentView.swift */; };
		40422EA92BD9088900EE9B37 /* Assets.xcassets in Resources */ = {isa = PBXBuildFile; fileRef = 40422EA82BD9088900EE9B37 /* Assets.xcassets */; };
		40422EAC2BD9088900EE9B37 /* Preview Assets.xcassets in Resources */ = {isa = PBXBuildFile; fileRef = 40422EAB2BD9088900EE9B37 /* Preview Assets.xcassets */; };
		40422EB62BD9088900EE9B37 /* DisneyCharactersTests.swift in Sources */ = {isa = PBXBuildFile; fileRef = 40422EB52BD9088900EE9B37 /* DisneyCharactersTests.swift */; };
		40422ED02BD90A9D00EE9B37 /* Character.swift in Sources */ = {isa = PBXBuildFile; fileRef = 40422ECF2BD90A9D00EE9B37 /* Character.swift */; };
		40422ED22BD90B6C00EE9B37 /* Interactor.swift in Sources */ = {isa = PBXBuildFile; fileRef = 40422ED12BD90B6C00EE9B37 /* Interactor.swift */; };
		40422ED42BD90FD800EE9B37 /* DisneyCharactersMainViewModel.swift in Sources */ = {isa = PBXBuildFile; fileRef = 40422ED32BD90FD800EE9B37 /* DisneyCharactersMainViewModel.swift */; };
		4042E1382BD91315002462D3 /* CharacterRowView.swift in Sources */ = {isa = PBXBuildFile; fileRef = 4042E1372BD91315002462D3 /* CharacterRowView.swift */; };
		4042E13C2BD9202C002462D3 /* WebView.swift in Sources */ = {isa = PBXBuildFile; fileRef = 4042E13B2BD9202C002462D3 /* WebView.swift */; };
		4042E13F2BD93F3B002462D3 /* DetailViewModel.swift in Sources */ = {isa = PBXBuildFile; fileRef = 4042E13E2BD93F3B002462D3 /* DetailViewModel.swift */; };
		406A6B1B2BDA61B300580964 /* FilterView.swift in Sources */ = {isa = PBXBuildFile; fileRef = 406A6B1A2BDA61B300580964 /* FilterView.swift */; };
		407765062BD944D600E0020E /* FavouriteView.swift in Sources */ = {isa = PBXBuildFile; fileRef = 407765052BD944D600E0020E /* FavouriteView.swift */; };
		407765092BD9453C00E0020E /* RemoteImage.swift in Sources */ = {isa = PBXBuildFile; fileRef = 407765082BD9453C00E0020E /* RemoteImage.swift */; };
		4077650D2BD9AB1A00E0020E /* CharacterDetailView.swift in Sources */ = {isa = PBXBuildFile; fileRef = 4077650C2BD9AB1A00E0020E /* CharacterDetailView.swift */; };
		4087A9AD2BE4EBAA00BCFA5B /* Coordinator.swift in Sources */ = {isa = PBXBuildFile; fileRef = 4087A9AC2BE4EBAA00BCFA5B /* Coordinator.swift */; };
		40EE35BD2BD9C3F800CA4A5B /* MockedData.swift in Sources */ = {isa = PBXBuildFile; fileRef = 40EE35BC2BD9C3F800CA4A5B /* MockedData.swift */; };
		40EE35BF2BD9C4F700CA4A5B /* mocked_response.json in Resources */ = {isa = PBXBuildFile; fileRef = 40EE35BE2BD9C4F700CA4A5B /* mocked_response.json */; };
		40EE35C12BD9C7E700CA4A5B /* MockedInteractor.swift in Sources */ = {isa = PBXBuildFile; fileRef = 40EE35C02BD9C7E700CA4A5B /* MockedInteractor.swift */; };
		40EE35C42BD9CB8100CA4A5B /* mocked_response.json in Resources */ = {isa = PBXBuildFile; fileRef = 40EE35BE2BD9C4F700CA4A5B /* mocked_response.json */; };
		40EE35C62BD9CBFA00CA4A5B /* Helper.swift in Sources */ = {isa = PBXBuildFile; fileRef = 40EE35C52BD9CBFA00CA4A5B /* Helper.swift */; };
/* End PBXBuildFile section */

/* Begin PBXContainerItemProxy section */
		40422EB22BD9088900EE9B37 /* PBXContainerItemProxy */ = {
			isa = PBXContainerItemProxy;
			containerPortal = 40422E992BD9088800EE9B37 /* Project object */;
			proxyType = 1;
			remoteGlobalIDString = 40422EA02BD9088800EE9B37;
			remoteInfo = DisneyCharacters;
		};
/* End PBXContainerItemProxy section */

/* Begin PBXFileReference section */
		40422EA12BD9088800EE9B37 /* DisneyCharacters.app */ = {isa = PBXFileReference; explicitFileType = wrapper.application; includeInIndex = 0; path = DisneyCharacters.app; sourceTree = BUILT_PRODUCTS_DIR; };
		40422EA42BD9088800EE9B37 /* DisneyCharactersApp.swift */ = {isa = PBXFileReference; lastKnownFileType = sourcecode.swift; path = DisneyCharactersApp.swift; sourceTree = "<group>"; };
		40422EA62BD9088800EE9B37 /* ContentView.swift */ = {isa = PBXFileReference; lastKnownFileType = sourcecode.swift; path = ContentView.swift; sourceTree = "<group>"; };
		40422EA82BD9088900EE9B37 /* Assets.xcassets */ = {isa = PBXFileReference; lastKnownFileType = folder.assetcatalog; path = Assets.xcassets; sourceTree = "<group>"; };
		40422EAB2BD9088900EE9B37 /* Preview Assets.xcassets */ = {isa = PBXFileReference; lastKnownFileType = folder.assetcatalog; path = "Preview Assets.xcassets"; sourceTree = "<group>"; };
		40422EB12BD9088900EE9B37 /* DisneyCharactersTests.xctest */ = {isa = PBXFileReference; explicitFileType = wrapper.cfbundle; includeInIndex = 0; path = DisneyCharactersTests.xctest; sourceTree = BUILT_PRODUCTS_DIR; };
		40422EB52BD9088900EE9B37 /* DisneyCharactersTests.swift */ = {isa = PBXFileReference; lastKnownFileType = sourcecode.swift; path = DisneyCharactersTests.swift; sourceTree = "<group>"; };
		40422ECF2BD90A9D00EE9B37 /* Character.swift */ = {isa = PBXFileReference; lastKnownFileType = sourcecode.swift; path = Character.swift; sourceTree = "<group>"; };
		40422ED12BD90B6C00EE9B37 /* Interactor.swift */ = {isa = PBXFileReference; lastKnownFileType = sourcecode.swift; path = Interactor.swift; sourceTree = "<group>"; };
		40422ED32BD90FD800EE9B37 /* DisneyCharactersMainViewModel.swift */ = {isa = PBXFileReference; lastKnownFileType = sourcecode.swift; path = DisneyCharactersMainViewModel.swift; sourceTree = "<group>"; };
		4042E1372BD91315002462D3 /* CharacterRowView.swift */ = {isa = PBXFileReference; lastKnownFileType = sourcecode.swift; path = CharacterRowView.swift; sourceTree = "<group>"; };
		4042E13B2BD9202C002462D3 /* WebView.swift */ = {isa = PBXFileReference; lastKnownFileType = sourcecode.swift; path = WebView.swift; sourceTree = "<group>"; };
		4042E13E2BD93F3B002462D3 /* DetailViewModel.swift */ = {isa = PBXFileReference; lastKnownFileType = sourcecode.swift; path = DetailViewModel.swift; sourceTree = "<group>"; };
		406A6B1A2BDA61B300580964 /* FilterView.swift */ = {isa = PBXFileReference; lastKnownFileType = sourcecode.swift; path = FilterView.swift; sourceTree = "<group>"; };
		407765052BD944D600E0020E /* FavouriteView.swift */ = {isa = PBXFileReference; lastKnownFileType = sourcecode.swift; path = FavouriteView.swift; sourceTree = "<group>"; };
		407765082BD9453C00E0020E /* RemoteImage.swift */ = {isa = PBXFileReference; lastKnownFileType = sourcecode.swift; path = RemoteImage.swift; sourceTree = "<group>"; };
		4077650C2BD9AB1A00E0020E /* CharacterDetailView.swift */ = {isa = PBXFileReference; fileEncoding = 4; lastKnownFileType = sourcecode.swift; path = CharacterDetailView.swift; sourceTree = "<group>"; };
		4087A9AC2BE4EBAA00BCFA5B /* Coordinator.swift */ = {isa = PBXFileReference; lastKnownFileType = sourcecode.swift; path = Coordinator.swift; sourceTree = "<group>"; };
		40EE35BC2BD9C3F800CA4A5B /* MockedData.swift */ = {isa = PBXFileReference; lastKnownFileType = sourcecode.swift; path = MockedData.swift; sourceTree = "<group>"; };
		40EE35BE2BD9C4F700CA4A5B /* mocked_response.json */ = {isa = PBXFileReference; fileEncoding = 4; lastKnownFileType = text.json; path = mocked_response.json; sourceTree = "<group>"; };
		40EE35C02BD9C7E700CA4A5B /* MockedInteractor.swift */ = {isa = PBXFileReference; lastKnownFileType = sourcecode.swift; path = MockedInteractor.swift; sourceTree = "<group>"; };
		40EE35C52BD9CBFA00CA4A5B /* Helper.swift */ = {isa = PBXFileReference; lastKnownFileType = sourcecode.swift; path = Helper.swift; sourceTree = "<group>"; };
/* End PBXFileReference section */

/* Begin PBXFrameworksBuildPhase section */
		40422E9E2BD9088800EE9B37 /* Frameworks */ = {
			isa = PBXFrameworksBuildPhase;
			buildActionMask = 2147483647;
			files = (
			);
			runOnlyForDeploymentPostprocessing = 0;
		};
		40422EAE2BD9088900EE9B37 /* Frameworks */ = {
			isa = PBXFrameworksBuildPhase;
			buildActionMask = 2147483647;
			files = (
			);
			runOnlyForDeploymentPostprocessing = 0;
		};
/* End PBXFrameworksBuildPhase section */

/* Begin PBXGroup section */
		40422E982BD9088800EE9B37 = {
			isa = PBXGroup;
			children = (
				40422EA32BD9088800EE9B37 /* DisneyCharacters */,
				40422EB42BD9088900EE9B37 /* DisneyCharactersTests */,
				40422EA22BD9088800EE9B37 /* Products */,
			);
			sourceTree = "<group>";
		};
		40422EA22BD9088800EE9B37 /* Products */ = {
			isa = PBXGroup;
			children = (
				40422EA12BD9088800EE9B37 /* DisneyCharacters.app */,
				40422EB12BD9088900EE9B37 /* DisneyCharactersTests.xctest */,
			);
			name = Products;
			sourceTree = "<group>";
		};
		40422EA32BD9088800EE9B37 /* DisneyCharacters */ = {
			isa = PBXGroup;
			children = (
				40422ECE2BD90A8B00EE9B37 /* Models */,
				40422EA42BD9088800EE9B37 /* DisneyCharactersApp.swift */,
				40422EA62BD9088800EE9B37 /* ContentView.swift */,
				40422ED12BD90B6C00EE9B37 /* Interactor.swift */,
				4087A9AC2BE4EBAA00BCFA5B /* Coordinator.swift */,
				4077650A2BD9A9F900E0020E /* ViewModel */,
				4077650B2BD9AA0900E0020E /* Subviews */,
				40422EA82BD9088900EE9B37 /* Assets.xcassets */,
				40422EAA2BD9088900EE9B37 /* Preview Content */,
			);
			path = DisneyCharacters;
			sourceTree = "<group>";
		};
		40422EAA2BD9088900EE9B37 /* Preview Content */ = {
			isa = PBXGroup;
			children = (
				40422EAB2BD9088900EE9B37 /* Preview Assets.xcassets */,
			);
			path = "Preview Content";
			sourceTree = "<group>";
		};
		40422EB42BD9088900EE9B37 /* DisneyCharactersTests */ = {
			isa = PBXGroup;
			children = (
				40EE35BE2BD9C4F700CA4A5B /* mocked_response.json */,
				40422EB52BD9088900EE9B37 /* DisneyCharactersTests.swift */,
				40EE35BC2BD9C3F800CA4A5B /* MockedData.swift */,
				40EE35C02BD9C7E700CA4A5B /* MockedInteractor.swift */,
				40EE35C52BD9CBFA00CA4A5B /* Helper.swift */,
			);
			path = DisneyCharactersTests;
			sourceTree = "<group>";
		};
		40422ECE2BD90A8B00EE9B37 /* Models */ = {
			isa = PBXGroup;
			children = (
				40422ECF2BD90A9D00EE9B37 /* Character.swift */,
			);
			path = Models;
			sourceTree = "<group>";
		};
		4042E13D2BD93F27002462D3 /* Detail view */ = {
			isa = PBXGroup;
			children = (
				4077650C2BD9AB1A00E0020E /* CharacterDetailView.swift */,
				4042E13E2BD93F3B002462D3 /* DetailViewModel.swift */,
			);
			path = "Detail view";
			sourceTree = "<group>";
		};
		407765042BD944C600E0020E /* RowView */ = {
			isa = PBXGroup;
			children = (
				4042E1372BD91315002462D3 /* CharacterRowView.swift */,
			);
			path = RowView;
			sourceTree = "<group>";
		};
		407765072BD9452200E0020E /* FavouriteView */ = {
			isa = PBXGroup;
			children = (
				407765052BD944D600E0020E /* FavouriteView.swift */,
			);
			path = FavouriteView;
			sourceTree = "<group>";
		};
		4077650A2BD9A9F900E0020E /* ViewModel */ = {
			isa = PBXGroup;
			children = (
				40422ED32BD90FD800EE9B37 /* DisneyCharactersMainViewModel.swift */,
			);
			path = ViewModel;
			sourceTree = "<group>";
		};
		4077650B2BD9AA0900E0020E /* Subviews */ = {
			isa = PBXGroup;
			children = (
				4042E13B2BD9202C002462D3 /* WebView.swift */,
				407765082BD9453C00E0020E /* RemoteImage.swift */,
				407765072BD9452200E0020E /* FavouriteView */,
				407765042BD944C600E0020E /* RowView */,
				4042E13D2BD93F27002462D3 /* Detail view */,
				406A6B1A2BDA61B300580964 /* FilterView.swift */,
			);
			path = Subviews;
			sourceTree = "<group>";
		};
/* End PBXGroup section */

/* Begin PBXNativeTarget section */
		40422EA02BD9088800EE9B37 /* DisneyCharacters */ = {
			isa = PBXNativeTarget;
			buildConfigurationList = 40422EC52BD9088900EE9B37 /* Build configuration list for PBXNativeTarget "DisneyCharacters" */;
			buildPhases = (
				40422E9D2BD9088800EE9B37 /* Sources */,
				40422E9E2BD9088800EE9B37 /* Frameworks */,
				40422E9F2BD9088800EE9B37 /* Resources */,
			);
			buildRules = (
			);
			dependencies = (
			);
			name = DisneyCharacters;
			productName = DisneyCharacters;
			productReference = 40422EA12BD9088800EE9B37 /* DisneyCharacters.app */;
			productType = "com.apple.product-type.application";
		};
		40422EB02BD9088900EE9B37 /* DisneyCharactersTests */ = {
			isa = PBXNativeTarget;
			buildConfigurationList = 40422EC82BD9088900EE9B37 /* Build configuration list for PBXNativeTarget "DisneyCharactersTests" */;
			buildPhases = (
				40422EAD2BD9088900EE9B37 /* Sources */,
				40422EAE2BD9088900EE9B37 /* Frameworks */,
				40422EAF2BD9088900EE9B37 /* Resources */,
			);
			buildRules = (
			);
			dependencies = (
				40422EB32BD9088900EE9B37 /* PBXTargetDependency */,
			);
			name = DisneyCharactersTests;
			productName = DisneyCharactersTests;
			productReference = 40422EB12BD9088900EE9B37 /* DisneyCharactersTests.xctest */;
			productType = "com.apple.product-type.bundle.unit-test";
		};
/* End PBXNativeTarget section */

/* Begin PBXProject section */
		40422E992BD9088800EE9B37 /* Project object */ = {
			isa = PBXProject;
			attributes = {
				BuildIndependentTargetsInParallel = 1;
				LastSwiftUpdateCheck = 1530;
				LastUpgradeCheck = 1530;
				TargetAttributes = {
					40422EA02BD9088800EE9B37 = {
						CreatedOnToolsVersion = 15.3;
					};
					40422EB02BD9088900EE9B37 = {
						CreatedOnToolsVersion = 15.3;
						TestTargetID = 40422EA02BD9088800EE9B37;
					};
				};
			};
			buildConfigurationList = 40422E9C2BD9088800EE9B37 /* Build configuration list for PBXProject "DisneyCharacters" */;
			compatibilityVersion = "Xcode 14.0";
			developmentRegion = en;
			hasScannedForEncodings = 0;
			knownRegions = (
				en,
				Base,
			);
			mainGroup = 40422E982BD9088800EE9B37;
			productRefGroup = 40422EA22BD9088800EE9B37 /* Products */;
			projectDirPath = "";
			projectRoot = "";
			targets = (
				40422EA02BD9088800EE9B37 /* DisneyCharacters */,
				40422EB02BD9088900EE9B37 /* DisneyCharactersTests */,
			);
		};
/* End PBXProject section */

/* Begin PBXResourcesBuildPhase section */
		40422E9F2BD9088800EE9B37 /* Resources */ = {
			isa = PBXResourcesBuildPhase;
			buildActionMask = 2147483647;
			files = (
				40EE35C42BD9CB8100CA4A5B /* mocked_response.json in Resources */,
				40422EAC2BD9088900EE9B37 /* Preview Assets.xcassets in Resources */,
				40422EA92BD9088900EE9B37 /* Assets.xcassets in Resources */,
			);
			runOnlyForDeploymentPostprocessing = 0;
		};
		40422EAF2BD9088900EE9B37 /* Resources */ = {
			isa = PBXResourcesBuildPhase;
			buildActionMask = 2147483647;
			files = (
				40EE35BF2BD9C4F700CA4A5B /* mocked_response.json in Resources */,
			);
			runOnlyForDeploymentPostprocessing = 0;
		};
/* End PBXResourcesBuildPhase section */

/* Begin PBXSourcesBuildPhase section */
		40422E9D2BD9088800EE9B37 /* Sources */ = {
			isa = PBXSourcesBuildPhase;
			buildActionMask = 2147483647;
			files = (
				40422ED02BD90A9D00EE9B37 /* Character.swift in Sources */,
				4077650D2BD9AB1A00E0020E /* CharacterDetailView.swift in Sources */,
				4087A9AD2BE4EBAA00BCFA5B /* Coordinator.swift in Sources */,
				4042E13C2BD9202C002462D3 /* WebView.swift in Sources */,
				407765062BD944D600E0020E /* FavouriteView.swift in Sources */,
				406A6B1B2BDA61B300580964 /* FilterView.swift in Sources */,
				40422ED42BD90FD800EE9B37 /* DisneyCharactersMainViewModel.swift in Sources */,
				407765092BD9453C00E0020E /* RemoteImage.swift in Sources */,
				40422EA72BD9088800EE9B37 /* ContentView.swift in Sources */,
				4042E13F2BD93F3B002462D3 /* DetailViewModel.swift in Sources */,
				4042E1382BD91315002462D3 /* CharacterRowView.swift in Sources */,
				40422ED22BD90B6C00EE9B37 /* Interactor.swift in Sources */,
				40422EA52BD9088800EE9B37 /* DisneyCharactersApp.swift in Sources */,
			);
			runOnlyForDeploymentPostprocessing = 0;
		};
		40422EAD2BD9088900EE9B37 /* Sources */ = {
			isa = PBXSourcesBuildPhase;
			buildActionMask = 2147483647;
			files = (
				40422EB62BD9088900EE9B37 /* DisneyCharactersTests.swift in Sources */,
				40EE35BD2BD9C3F800CA4A5B /* MockedData.swift in Sources */,
				40EE35C12BD9C7E700CA4A5B /* MockedInteractor.swift in Sources */,
				40EE35C62BD9CBFA00CA4A5B /* Helper.swift in Sources */,
			);
			runOnlyForDeploymentPostprocessing = 0;
		};
/* End PBXSourcesBuildPhase section */

/* Begin PBXTargetDependency section */
		40422EB32BD9088900EE9B37 /* PBXTargetDependency */ = {
			isa = PBXTargetDependency;
			target = 40422EA02BD9088800EE9B37 /* DisneyCharacters */;
			targetProxy = 40422EB22BD9088900EE9B37 /* PBXContainerItemProxy */;
		};
/* End PBXTargetDependency section */

/* Begin XCBuildConfiguration section */
		40422EC32BD9088900EE9B37 /* Debug */ = {
			isa = XCBuildConfiguration;
			buildSettings = {
				ALWAYS_SEARCH_USER_PATHS = NO;
				ASSETCATALOG_COMPILER_GENERATE_SWIFT_ASSET_SYMBOL_EXTENSIONS = YES;
				CLANG_ANALYZER_NONNULL = YES;
				CLANG_ANALYZER_NUMBER_OBJECT_CONVERSION = YES_AGGRESSIVE;
				CLANG_CXX_LANGUAGE_STANDARD = "gnu++20";
				CLANG_ENABLE_MODULES = YES;
				CLANG_ENABLE_OBJC_ARC = YES;
				CLANG_ENABLE_OBJC_WEAK = YES;
				CLANG_WARN_BLOCK_CAPTURE_AUTORELEASING = YES;
				CLANG_WARN_BOOL_CONVERSION = YES;
				CLANG_WARN_COMMA = YES;
				CLANG_WARN_CONSTANT_CONVERSION = YES;
				CLANG_WARN_DEPRECATED_OBJC_IMPLEMENTATIONS = YES;
				CLANG_WARN_DIRECT_OBJC_ISA_USAGE = YES_ERROR;
				CLANG_WARN_DOCUMENTATION_COMMENTS = YES;
				CLANG_WARN_EMPTY_BODY = YES;
				CLANG_WARN_ENUM_CONVERSION = YES;
				CLANG_WARN_INFINITE_RECURSION = YES;
				CLANG_WARN_INT_CONVERSION = YES;
				CLANG_WARN_NON_LITERAL_NULL_CONVERSION = YES;
				CLANG_WARN_OBJC_IMPLICIT_RETAIN_SELF = YES;
				CLANG_WARN_OBJC_LITERAL_CONVERSION = YES;
				CLANG_WARN_OBJC_ROOT_CLASS = YES_ERROR;
				CLANG_WARN_QUOTED_INCLUDE_IN_FRAMEWORK_HEADER = YES;
				CLANG_WARN_RANGE_LOOP_ANALYSIS = YES;
				CLANG_WARN_STRICT_PROTOTYPES = YES;
				CLANG_WARN_SUSPICIOUS_MOVE = YES;
				CLANG_WARN_UNGUARDED_AVAILABILITY = YES_AGGRESSIVE;
				CLANG_WARN_UNREACHABLE_CODE = YES;
				CLANG_WARN__DUPLICATE_METHOD_MATCH = YES;
				COPY_PHASE_STRIP = NO;
				DEBUG_INFORMATION_FORMAT = dwarf;
				ENABLE_STRICT_OBJC_MSGSEND = YES;
				ENABLE_TESTABILITY = YES;
				ENABLE_USER_SCRIPT_SANDBOXING = YES;
				GCC_C_LANGUAGE_STANDARD = gnu17;
				GCC_DYNAMIC_NO_PIC = NO;
				GCC_NO_COMMON_BLOCKS = YES;
				GCC_OPTIMIZATION_LEVEL = 0;
				GCC_PREPROCESSOR_DEFINITIONS = (
					"DEBUG=1",
					"$(inherited)",
				);
				GCC_WARN_64_TO_32_BIT_CONVERSION = YES;
				GCC_WARN_ABOUT_RETURN_TYPE = YES_ERROR;
				GCC_WARN_UNDECLARED_SELECTOR = YES;
				GCC_WARN_UNINITIALIZED_AUTOS = YES_AGGRESSIVE;
				GCC_WARN_UNUSED_FUNCTION = YES;
				GCC_WARN_UNUSED_VARIABLE = YES;
				IPHONEOS_DEPLOYMENT_TARGET = 17.4;
				LOCALIZATION_PREFERS_STRING_CATALOGS = YES;
				MTL_ENABLE_DEBUG_INFO = INCLUDE_SOURCE;
				MTL_FAST_MATH = YES;
				ONLY_ACTIVE_ARCH = YES;
				SDKROOT = iphoneos;
				SWIFT_ACTIVE_COMPILATION_CONDITIONS = "DEBUG $(inherited)";
				SWIFT_OPTIMIZATION_LEVEL = "-Onone";
			};
			name = Debug;
		};
		40422EC42BD9088900EE9B37 /* Release */ = {
			isa = XCBuildConfiguration;
			buildSettings = {
				ALWAYS_SEARCH_USER_PATHS = NO;
				ASSETCATALOG_COMPILER_GENERATE_SWIFT_ASSET_SYMBOL_EXTENSIONS = YES;
				CLANG_ANALYZER_NONNULL = YES;
				CLANG_ANALYZER_NUMBER_OBJECT_CONVERSION = YES_AGGRESSIVE;
				CLANG_CXX_LANGUAGE_STANDARD = "gnu++20";
				CLANG_ENABLE_MODULES = YES;
				CLANG_ENABLE_OBJC_ARC = YES;
				CLANG_ENABLE_OBJC_WEAK = YES;
				CLANG_WARN_BLOCK_CAPTURE_AUTORELEASING = YES;
				CLANG_WARN_BOOL_CONVERSION = YES;
				CLANG_WARN_COMMA = YES;
				CLANG_WARN_CONSTANT_CONVERSION = YES;
				CLANG_WARN_DEPRECATED_OBJC_IMPLEMENTATIONS = YES;
				CLANG_WARN_DIRECT_OBJC_ISA_USAGE = YES_ERROR;
				CLANG_WARN_DOCUMENTATION_COMMENTS = YES;
				CLANG_WARN_EMPTY_BODY = YES;
				CLANG_WARN_ENUM_CONVERSION = YES;
				CLANG_WARN_INFINITE_RECURSION = YES;
				CLANG_WARN_INT_CONVERSION = YES;
				CLANG_WARN_NON_LITERAL_NULL_CONVERSION = YES;
				CLANG_WARN_OBJC_IMPLICIT_RETAIN_SELF = YES;
				CLANG_WARN_OBJC_LITERAL_CONVERSION = YES;
				CLANG_WARN_OBJC_ROOT_CLASS = YES_ERROR;
				CLANG_WARN_QUOTED_INCLUDE_IN_FRAMEWORK_HEADER = YES;
				CLANG_WARN_RANGE_LOOP_ANALYSIS = YES;
				CLANG_WARN_STRICT_PROTOTYPES = YES;
				CLANG_WARN_SUSPICIOUS_MOVE = YES;
				CLANG_WARN_UNGUARDED_AVAILABILITY = YES_AGGRESSIVE;
				CLANG_WARN_UNREACHABLE_CODE = YES;
				CLANG_WARN__DUPLICATE_METHOD_MATCH = YES;
				COPY_PHASE_STRIP = NO;
				DEBUG_INFORMATION_FORMAT = "dwarf-with-dsym";
				ENABLE_NS_ASSERTIONS = NO;
				ENABLE_STRICT_OBJC_MSGSEND = YES;
				ENABLE_USER_SCRIPT_SANDBOXING = YES;
				GCC_C_LANGUAGE_STANDARD = gnu17;
				GCC_NO_COMMON_BLOCKS = YES;
				GCC_WARN_64_TO_32_BIT_CONVERSION = YES;
				GCC_WARN_ABOUT_RETURN_TYPE = YES_ERROR;
				GCC_WARN_UNDECLARED_SELECTOR = YES;
				GCC_WARN_UNINITIALIZED_AUTOS = YES_AGGRESSIVE;
				GCC_WARN_UNUSED_FUNCTION = YES;
				GCC_WARN_UNUSED_VARIABLE = YES;
				IPHONEOS_DEPLOYMENT_TARGET = 17.4;
				LOCALIZATION_PREFERS_STRING_CATALOGS = YES;
				MTL_ENABLE_DEBUG_INFO = NO;
				MTL_FAST_MATH = YES;
				SDKROOT = iphoneos;
				SWIFT_COMPILATION_MODE = wholemodule;
				VALIDATE_PRODUCT = YES;
			};
			name = Release;
		};
		40422EC62BD9088900EE9B37 /* Debug */ = {
			isa = XCBuildConfiguration;
			buildSettings = {
				ASSETCATALOG_COMPILER_APPICON_NAME = AppIcon;
				ASSETCATALOG_COMPILER_GLOBAL_ACCENT_COLOR_NAME = AccentColor;
				CODE_SIGN_STYLE = Automatic;
				CURRENT_PROJECT_VERSION = 1;
				DEVELOPMENT_ASSET_PATHS = "\"DisneyCharacters/Preview Content\"";
				DEVELOPMENT_TEAM = HNQE3Z56AG;
				ENABLE_PREVIEWS = YES;
				GENERATE_INFOPLIST_FILE = YES;
				INFOPLIST_KEY_UIApplicationSceneManifest_Generation = YES;
				INFOPLIST_KEY_UIApplicationSupportsIndirectInputEvents = YES;
				INFOPLIST_KEY_UILaunchScreen_Generation = YES;
				INFOPLIST_KEY_UISupportedInterfaceOrientations_iPad = "UIInterfaceOrientationPortrait UIInterfaceOrientationPortraitUpsideDown UIInterfaceOrientationLandscapeLeft UIInterfaceOrientationLandscapeRight";
				INFOPLIST_KEY_UISupportedInterfaceOrientations_iPhone = "UIInterfaceOrientationPortrait UIInterfaceOrientationLandscapeLeft UIInterfaceOrientationLandscapeRight";
				LD_RUNPATH_SEARCH_PATHS = (
					"$(inherited)",
					"@executable_path/Frameworks",
				);
				MARKETING_VERSION = 1.0;
				PRODUCT_BUNDLE_IDENTIFIER = com.tbruni.DisneyCharacters;
				PRODUCT_NAME = "$(TARGET_NAME)";
				SWIFT_EMIT_LOC_STRINGS = YES;
				SWIFT_VERSION = 5.0;
				TARGETED_DEVICE_FAMILY = "1,2";
			};
			name = Debug;
		};
		40422EC72BD9088900EE9B37 /* Release */ = {
			isa = XCBuildConfiguration;
			buildSettings = {
				ASSETCATALOG_COMPILER_APPICON_NAME = AppIcon;
				ASSETCATALOG_COMPILER_GLOBAL_ACCENT_COLOR_NAME = AccentColor;
				CODE_SIGN_STYLE = Automatic;
				CURRENT_PROJECT_VERSION = 1;
				DEVELOPMENT_ASSET_PATHS = "\"DisneyCharacters/Preview Content\"";
				DEVELOPMENT_TEAM = HNQE3Z56AG;
				ENABLE_PREVIEWS = YES;
				GENERATE_INFOPLIST_FILE = YES;
				INFOPLIST_KEY_UIApplicationSceneManifest_Generation = YES;
				INFOPLIST_KEY_UIApplicationSupportsIndirectInputEvents = YES;
				INFOPLIST_KEY_UILaunchScreen_Generation = YES;
				INFOPLIST_KEY_UISupportedInterfaceOrientations_iPad = "UIInterfaceOrientationPortrait UIInterfaceOrientationPortraitUpsideDown UIInterfaceOrientationLandscapeLeft UIInterfaceOrientationLandscapeRight";
				INFOPLIST_KEY_UISupportedInterfaceOrientations_iPhone = "UIInterfaceOrientationPortrait UIInterfaceOrientationLandscapeLeft UIInterfaceOrientationLandscapeRight";
				LD_RUNPATH_SEARCH_PATHS = (
					"$(inherited)",
					"@executable_path/Frameworks",
				);
				MARKETING_VERSION = 1.0;
				PRODUCT_BUNDLE_IDENTIFIER = com.tbruni.DisneyCharacters;
				PRODUCT_NAME = "$(TARGET_NAME)";
				SWIFT_EMIT_LOC_STRINGS = YES;
				SWIFT_VERSION = 5.0;
				TARGETED_DEVICE_FAMILY = "1,2";
			};
			name = Release;
		};
		40422EC92BD9088900EE9B37 /* Debug */ = {
			isa = XCBuildConfiguration;
			buildSettings = {
				ALWAYS_EMBED_SWIFT_STANDARD_LIBRARIES = YES;
				BUNDLE_LOADER = "$(TEST_HOST)";
				CODE_SIGN_STYLE = Automatic;
				CURRENT_PROJECT_VERSION = 1;
				DEVELOPMENT_TEAM = HNQE3Z56AG;
				GENERATE_INFOPLIST_FILE = YES;
				IPHONEOS_DEPLOYMENT_TARGET = 17.4;
				MARKETING_VERSION = 1.0;
				PRODUCT_BUNDLE_IDENTIFIER = com.tbruni.DisneyCharactersTests;
				PRODUCT_NAME = "$(TARGET_NAME)";
				SWIFT_EMIT_LOC_STRINGS = NO;
				SWIFT_VERSION = 5.0;
				TARGETED_DEVICE_FAMILY = "1,2";
				TEST_HOST = "$(BUILT_PRODUCTS_DIR)/DisneyCharacters.app/$(BUNDLE_EXECUTABLE_FOLDER_PATH)/DisneyCharacters";
			};
			name = Debug;
		};
		40422ECA2BD9088900EE9B37 /* Release */ = {
			isa = XCBuildConfiguration;
			buildSettings = {
				ALWAYS_EMBED_SWIFT_STANDARD_LIBRARIES = YES;
				BUNDLE_LOADER = "$(TEST_HOST)";
				CODE_SIGN_STYLE = Automatic;
				CURRENT_PROJECT_VERSION = 1;
				DEVELOPMENT_TEAM = HNQE3Z56AG;
				GENERATE_INFOPLIST_FILE = YES;
				IPHONEOS_DEPLOYMENT_TARGET = 17.4;
				MARKETING_VERSION = 1.0;
				PRODUCT_BUNDLE_IDENTIFIER = com.tbruni.DisneyCharactersTests;
				PRODUCT_NAME = "$(TARGET_NAME)";
				SWIFT_EMIT_LOC_STRINGS = NO;
				SWIFT_VERSION = 5.0;
				TARGETED_DEVICE_FAMILY = "1,2";
				TEST_HOST = "$(BUILT_PRODUCTS_DIR)/DisneyCharacters.app/$(BUNDLE_EXECUTABLE_FOLDER_PATH)/DisneyCharacters";
			};
			name = Release;
		};
/* End XCBuildConfiguration section */

/* Begin XCConfigurationList section */
		40422E9C2BD9088800EE9B37 /* Build configuration list for PBXProject "DisneyCharacters" */ = {
			isa = XCConfigurationList;
			buildConfigurations = (
				40422EC32BD9088900EE9B37 /* Debug */,
				40422EC42BD9088900EE9B37 /* Release */,
			);
			defaultConfigurationIsVisible = 0;
			defaultConfigurationName = Release;
		};
		40422EC52BD9088900EE9B37 /* Build configuration list for PBXNativeTarget "DisneyCharacters" */ = {
			isa = XCConfigurationList;
			buildConfigurations = (
				40422EC62BD9088900EE9B37 /* Debug */,
				40422EC72BD9088900EE9B37 /* Release */,
			);
			defaultConfigurationIsVisible = 0;
			defaultConfigurationName = Release;
		};
		40422EC82BD9088900EE9B37 /* Build configuration list for PBXNativeTarget "DisneyCharactersTests" */ = {
			isa = XCConfigurationList;
			buildConfigurations = (
				40422EC92BD9088900EE9B37 /* Debug */,
				40422ECA2BD9088900EE9B37 /* Release */,
			);
			defaultConfigurationIsVisible = 0;
			defaultConfigurationName = Release;
		};
/* End XCConfigurationList section */
	};
	rootObject = 40422E992BD9088800EE9B37 /* Project object */;
}
